
Microsoft Visual Studio Solution File, Format Version 12.00
# Visual Studio Version 17
VisualStudioVersion = 17.14.36414.22 d17.14
MinimumVisualStudioVersion = 10.0.40219.1
Project("{FAE04EC0-301F-11D3-BF4B-00C04F79EFBC}") = "WebInventoryControl", "WebInventoryControl\WebInventoryControl.csproj", "{41FEC43F-3C31-4059-999F-0340AB936A97}"
EndProject
Global
	GlobalSection(SolutionConfigurationPlatforms) = preSolution
		Debug|Any CPU = Debug|Any CPU
		Release|Any CPU = Release|Any CPU
	EndGlobalSection
	GlobalSection(ProjectConfigurationPlatforms) = postSolution
		{41FEC43F-3C31-4059-999F-0340AB936A97}.Debug|Any CPU.ActiveCfg = Debug|Any CPU
		{41FEC43F-3C31-4059-999F-0340AB936A97}.Debug|Any CPU.Build.0 = Debug|Any CPU
		{41FEC43F-3C31-4059-999F-0340AB936A97}.Release|Any CPU.ActiveCfg = Release|Any CPU
		{41FEC43F-3C31-4059-999F-0340AB936A97}.Release|Any CPU.Build.0 = Release|Any CPU
	EndGlobalSection
	GlobalSection(SolutionProperties) = preSolution
		HideSolutionNode = FALSE
	EndGlobalSection
	GlobalSection(ExtensibilityGlobals) = postSolution
		SolutionGuid = {506A9C76-3F5B-443C-8790-FFB0A9E6FE69}
	EndGlobalSection
EndGlobal
